
Microsoft Visual Studio Solution File, Format Version 12.00
# Visual Studio 15
VisualStudioVersion = 15.0.27130.2020
MinimumVisualStudioVersion = 10.0.40219.1
Project("{FAE04EC0-301F-11D3-BF4B-00C04F79EFBC}") = "DSA", "DSA\DSA.csproj", "{6D13C1BE-BCF7-4396-BF3C-C78E1BF3E184}"
EndProject
Global
	GlobalSection(SolutionConfigurationPlatforms) = preSolution
		Debug|Any CPU = Debug|Any CPU
		Release|Any CPU = Release|Any CPU
	EndGlobalSection
	GlobalSection(ProjectConfigurationPlatforms) = postSolution
		{6D13C1BE-BCF7-4396-BF3C-C78E1BF3E184}.Debug|Any CPU.ActiveCfg = Debug|Any CPU
		{6D13C1BE-BCF7-4396-BF3C-C78E1BF3E184}.Debug|Any CPU.Build.0 = Debug|Any CPU
		{6D13C1BE-BCF7-4396-BF3C-C78E1BF3E184}.Release|Any CPU.ActiveCfg = Release|Any CPU
		{6D13C1BE-BCF7-4396-BF3C-C78E1BF3E184}.Release|Any CPU.Build.0 = Release|Any CPU
	EndGlobalSection
	GlobalSection(SolutionProperties) = preSolution
		HideSolutionNode = FALSE
	EndGlobalSection
	GlobalSection(ExtensibilityGlobals) = postSolution
		SolutionGuid = {F4DDC7C9-9FE5-4F89-8888-45C03EA50B41}
	EndGlobalSection
EndGlobal
